{
  "name": "aphelion",
  "lockfileVersion": 3,
  "requires": true,
  "packages": {
    "": {
      "name": "aphelion",
      "dependencies": {
        "@types/three": "^0.185.4",
        "phaser": "^3.88.2",
        "three": "^0.185.1"
      },
      "devDependencies": {
        "typescript": "^5.8.3",
        "vite": "^6.3.5"
      }
    }
  }
}
