{
  "name": "aphelion",
  "lockfileVersion": 3,
  "requires": true,
  "packages": {
    "": {
      "name": "aphelion",
      "dependencies": {
        "@types/three": "^0.185.4",
        "phaser": "^3.88.2",
        "three": "^0.185.1"
      },
      "devDependencies": {
        "typescript": "^5.8.3",
        "vite": "^6.3.5"
      }
    },
    "node_modules/@dimforge/rapier3d-compat": {
      "version": "0.12.0",
      "resolved": "https://registry.npmjs.org/@dimforge/rapier3d-compat/-/rapier3d-compat-0.12.0.tgz",
      "integrity": "sha512-uekIGetywIgopfD97oDL5PfeezkFpNhwlzlaEYNOA0N6ghdsOvh/HYjSMek5Q2o1PYvRSDFcqFVJl4r4ZBwOow==",
      "license": "Apache-2.0"
    }
  }
}
